// !$*UTF8*$!
{
	archiveVersion = 1;
	classes = {
	};
	objectVersion = 46;
	objects = {

/* Begin PBXBuildFile section */
		6A03C20117B9B5FC004D2B36 /* QuartzCore.framework in Frameworks */ = {isa = PBXBuildFile; fileRef = 6A03C20017B9B5FC004D2B36 /* QuartzCore.framework */; };
		6A0B1C2217B9784E00E6406E /* TapPadViewController~iPhone.xib in Resources */ = {isa = PBXBuildFile; fileRef = 6A0B1C2017B9784E00E6406E /* TapPadViewController~iPhone.xib */; };
		6A0B1C2317B9784E00E6406E /* TapPadViewController~iPad.xib in Resources */ = {isa = PBXBuildFile; fileRef = 6A0B1C2117B9784E00E6406E /* TapPadViewController~iPad.xib */; };
		6A1FAAC717B9F07C004A090B /* Default-568h@2x.png in Resources */ = {isa = PBXBuildFile; fileRef = 6A1FAAC217B9F07C004A090B /* Default-568h@2x.png */; };
		6A1FAAC817B9F07C004A090B /* Default-Portrait@2x~ipad.png in Resources */ = {isa = PBXBuildFile; fileRef = 6A1FAAC317B9F07C004A090B /* Default-Portrait@2x~ipad.png */; };
		6A1FAAC917B9F07C004A090B /* Default-Portrait~ipad.png in Resources */ = {isa = PBXBuildFile; fileRef = 6A1FAAC417B9F07C004A090B /* Default-Portrait~ipad.png */; };
		6A1FAACA17B9F07C004A090B /* Default.png in Resources */ = {isa = PBXBuildFile; fileRef = 6A1FAAC517B9F07C004A090B /* Default.png */; };
		6A1FAACB17B9F07C004A090B /* Default@2x.png in Resources */ = {isa = PBXBuildFile; fileRef = 6A1FAAC617B9F07C004A090B /* Default@2x.png */; };
		6A1FAAD417B9F089004A090B /* Icon-72.png in Resources */ = {isa = PBXBuildFile; fileRef = 6A1FAACC17B9F089004A090B /* Icon-72.png */; };
		6A1FAAD517B9F089004A090B /* Icon-72@2x.png in Resources */ = {isa = PBXBuildFile; fileRef = 6A1FAACD17B9F089004A090B /* Icon-72@2x.png */; };
		6A1FAAD617B9F089004A090B /* Icon-Small-50.png in Resources */ = {isa = PBXBuildFile; fileRef = 6A1FAACE17B9F089004A090B /* Icon-Small-50.png */; };
		6A1FAAD717B9F089004A090B /* Icon-Small-50@2x.png in Resources */ = {isa = PBXBuildFile; fileRef = 6A1FAACF17B9F089004A090B /* Icon-Small-50@2x.png */; };
		6A1FAAD817B9F089004A090B /* Icon-Small.png in Resources */ = {isa = PBXBuildFile; fileRef = 6A1FAAD017B9F089004A090B /* Icon-Small.png */; };
		6A1FAAD917B9F089004A090B /* Icon-Small@2x.png in Resources */ = {isa = PBXBuildFile; fileRef = 6A1FAAD117B9F089004A090B /* Icon-Small@2x.png */; };
		6A1FAADA17B9F089004A090B /* Icon.png in Resources */ = {isa = PBXBuildFile; fileRef = 6A1FAAD217B9F089004A090B /* Icon.png */; };
		6A1FAADB17B9F089004A090B /* Icon@2x.png in Resources */ = {isa = PBXBuildFile; fileRef = 6A1FAAD317B9F089004A090B /* Icon@2x.png */; };
		6A1FAADF17B9F0C8004A090B /* Raleway-Bold.ttf in Resources */ = {isa = PBXBuildFile; fileRef = 6A1FAADD17B9F0C8004A090B /* Raleway-Bold.ttf */; };
		6A1FAAE217B9F328004A090B /* Raleway-ExtraBold.ttf in Resources */ = {isa = PBXBuildFile; fileRef = 6A1FAAE117B9F328004A090B /* Raleway-ExtraBold.ttf */; };
		6A1FAB0317BA0179004A090B /* ADNActivity.m in Sources */ = {isa = PBXBuildFile; fileRef = 6A1FAAF817BA0179004A090B /* ADNActivity.m */; };
		6A1FAB0417BA0179004A090B /* ADNActivityCollection.m in Sources */ = {isa = PBXBuildFile; fileRef = 6A1FAAFA17BA0179004A090B /* ADNActivityCollection.m */; };
		6A1FAB0517BA0179004A090B /* ADNFelixActivity.m in Sources */ = {isa = PBXBuildFile; fileRef = 6A1FAAFC17BA0179004A090B /* ADNFelixActivity.m */; };
		6A1FAB0617BA0179004A090B /* ADNHappyActivity.m in Sources */ = {isa = PBXBuildFile; fileRef = 6A1FAAFE17BA0179004A090B /* ADNHappyActivity.m */; };
		6A1FAB0717BA0179004A090B /* ADNNetbotActivity.m in Sources */ = {isa = PBXBuildFile; fileRef = 6A1FAB0017BA0179004A090B /* ADNNetbotActivity.m */; };
		6A1FAB0817BA0179004A090B /* ADNRiposteActivity.m in Sources */ = {isa = PBXBuildFile; fileRef = 6A1FAB0217BA0179004A090B /* ADNRiposteActivity.m */; };
		6A7B398417B7815600F088A6 /* UIKit.framework in Frameworks */ = {isa = PBXBuildFile; fileRef = 6A7B398317B7815600F088A6 /* UIKit.framework */; };
		6A7B398617B7815600F088A6 /* Foundation.framework in Frameworks */ = {isa = PBXBuildFile; fileRef = 6A7B398517B7815600F088A6 /* Foundation.framework */; };
		6A7B398817B7815600F088A6 /* CoreGraphics.framework in Frameworks */ = {isa = PBXBuildFile; fileRef = 6A7B398717B7815600F088A6 /* CoreGraphics.framework */; };
		6A7B398E17B7815600F088A6 /* InfoPlist.strings in Resources */ = {isa = PBXBuildFile; fileRef = 6A7B398C17B7815600F088A6 /* InfoPlist.strings */; };
		6A7B399017B7815600F088A6 /* main.m in Sources */ = {isa = PBXBuildFile; fileRef = 6A7B398F17B7815600F088A6 /* main.m */; };
		6A7B399417B7815600F088A6 /* AppDelegate.m in Sources */ = {isa = PBXBuildFile; fileRef = 6A7B399317B7815600F088A6 /* AppDelegate.m */; };
		6A7B399D17B7815600F088A6 /* TapPadViewController.m in Sources */ = {isa = PBXBuildFile; fileRef = 6A7B399C17B7815600F088A6 /* TapPadViewController.m */; };
		6A7B39A817B788E200F088A6 /* Grid.m in Sources */ = {isa = PBXBuildFile; fileRef = 6A7B39A717B788E200F088A6 /* Grid.m */; };
		6A7B39B317B78F3E00F088A6 /* 0.wav in Resources */ = {isa = PBXBuildFile; fileRef = 6A7B39AA17B78F3E00F088A6 /* 0.wav */; };
		6A7B39B417B78F3E00F088A6 /* 1.wav in Resources */ = {isa = PBXBuildFile; fileRef = 6A7B39AB17B78F3E00F088A6 /* 1.wav */; };
		6A7B39B517B78F3E00F088A6 /* 2.wav in Resources */ = {isa = PBXBuildFile; fileRef = 6A7B39AC17B78F3E00F088A6 /* 2.wav */; };
		6A7B39B617B78F3E00F088A6 /* 3.wav in Resources */ = {isa = PBXBuildFile; fileRef = 6A7B39AD17B78F3E00F088A6 /* 3.wav */; };
		6A7B39B717B78F3E00F088A6 /* 4.wav in Resources */ = {isa = PBXBuildFile; fileRef = 6A7B39AE17B78F3E00F088A6 /* 4.wav */; };
		6A7B39B817B78F3E00F088A6 /* 5.wav in Resources */ = {isa = PBXBuildFile; fileRef = 6A7B39AF17B78F3E00F088A6 /* 5.wav */; };
		6A7B39B917B78F3E00F088A6 /* 6.wav in Resources */ = {isa = PBXBuildFile; fileRef = 6A7B39B017B78F3E00F088A6 /* 6.wav */; };
		6A7B39BA17B78F3E00F088A6 /* 7.wav in Resources */ = {isa = PBXBuildFile; fileRef = 6A7B39B117B78F3E00F088A6 /* 7.wav */; };
		6A7B39BE17B7908100F088A6 /* Atom.m in Sources */ = {isa = PBXBuildFile; fileRef = 6A7B39BD17B7908100F088A6 /* Atom.m */; };
		6A7B39C517B7B2E600F088A6 /* AudioToolbox.framework in Frameworks */ = {isa = PBXBuildFile; fileRef = 6A7B39C417B7B2E600F088A6 /* AudioToolbox.framework */; };
		6AF5051C17BA2813001F3F6D /* Localizable.strings in Resources */ = {isa = PBXBuildFile; fileRef = 6AF5051E17BA2813001F3F6D /* Localizable.strings */; };
		7C51C2734AD34621A82E416E /* libPods.a in Frameworks */ = {isa = PBXBuildFile; fileRef = 28C02E5CADCF4EDAA94396FA /* libPods.a */; };
/* End PBXBuildFile section */

/* Begin PBXFileReference section */
		28C02E5CADCF4EDAA94396FA /* libPods.a */ = {isa = PBXFileReference; explicitFileType = archive.ar; includeInIndex = 0; path = libPods.a; sourceTree = BUILT_PRODUCTS_DIR; };
		4148AEE447214E349F3F79F4 /* Pods.xcconfig */ = {isa = PBXFileReference; includeInIndex = 1; lastKnownFileType = text.xcconfig; name = Pods.xcconfig; path = Pods/Pods.xcconfig; sourceTree = SOURCE_ROOT; };
		6A03C20017B9B5FC004D2B36 /* QuartzCore.framework */ = {isa = PBXFileReference; lastKnownFileType = wrapper.framework; name = QuartzCore.framework; path = System/Library/Frameworks/QuartzCore.framework; sourceTree = SDKROOT; };
		6A0B1C2017B9784E00E6406E /* TapPadViewController~iPhone.xib */ = {isa = PBXFileReference; fileEncoding = 4; lastKnownFileType = file.xib; name = "TapPadViewController~iPhone.xib"; path = "XIBs/TapPadViewController~iPhone.xib"; sourceTree = "<group>"; };
		6A0B1C2117B9784E00E6406E /* TapPadViewController~iPad.xib */ = {isa = PBXFileReference; fileEncoding = 4; lastKnownFileType = file.xib; name = "TapPadViewController~iPad.xib"; path = "XIBs/TapPadViewController~iPad.xib"; sourceTree = "<group>"; };
		6A1FAAC217B9F07C004A090B /* Default-568h@2x.png */ = {isa = PBXFileReference; lastKnownFileType = image.png; name = "Default-568h@2x.png"; path = "TapPad/Splash Screens/Default-568h@2x.png"; sourceTree = "<group>"; };
		6A1FAAC317B9F07C004A090B /* Default-Portrait@2x~ipad.png */ = {isa = PBXFileReference; lastKnownFileType = image.png; name = "Default-Portrait@2x~ipad.png"; path = "TapPad/Splash Screens/Default-Portrait@2x~ipad.png"; sourceTree = "<group>"; };
		6A1FAAC417B9F07C004A090B /* Default-Portrait~ipad.png */ = {isa = PBXFileReference; lastKnownFileType = image.png; name = "Default-Portrait~ipad.png"; path = "TapPad/Splash Screens/Default-Portrait~ipad.png"; sourceTree = "<group>"; };
		6A1FAAC517B9F07C004A090B /* Default.png */ = {isa = PBXFileReference; lastKnownFileType = image.png; name = Default.png; path = "TapPad/Splash Screens/Default.png"; sourceTree = "<group>"; };
		6A1FAAC617B9F07C004A090B /* Default@2x.png */ = {isa = PBXFileReference; lastKnownFileType = image.png; name = "Default@2x.png"; path = "TapPad/Splash Screens/Default@2x.png"; sourceTree = "<group>"; };
		6A1FAACC17B9F089004A090B /* Icon-72.png */ = {isa = PBXFileReference; lastKnownFileType = image.png; name = "Icon-72.png"; path = "Icons/Icon-72.png"; sourceTree = "<group>"; };
		6A1FAACD17B9F089004A090B /* Icon-72@2x.png */ = {isa = PBXFileReference; lastKnownFileType = image.png; name = "Icon-72@2x.png"; path = "Icons/Icon-72@2x.png"; sourceTree = "<group>"; };
		6A1FAACE17B9F089004A090B /* Icon-Small-50.png */ = {isa = PBXFileReference; lastKnownFileType = image.png; name = "Icon-Small-50.png"; path = "Icons/Icon-Small-50.png"; sourceTree = "<group>"; };
		6A1FAACF17B9F089004A090B /* Icon-Small-50@2x.png */ = {isa = PBXFileReference; lastKnownFileType = image.png; name = "Icon-Small-50@2x.png"; path = "Icons/Icon-Small-50@2x.png"; sourceTree = "<group>"; };
		6A1FAAD017B9F089004A090B /* Icon-Small.png */ = {isa = PBXFileReference; lastKnownFileType = image.png; name = "Icon-Small.png"; path = "Icons/Icon-Small.png"; sourceTree = "<group>"; };
		6A1FAAD117B9F089004A090B /* Icon-Small@2x.png */ = {isa = PBXFileReference; lastKnownFileType = image.png; name = "Icon-Small@2x.png"; path = "Icons/Icon-Small@2x.png"; sourceTree = "<group>"; };
		6A1FAAD217B9F089004A090B /* Icon.png */ = {isa = PBXFileReference; lastKnownFileType = image.png; name = Icon.png; path = Icons/Icon.png; sourceTree = "<group>"; };
		6A1FAAD317B9F089004A090B /* Icon@2x.png */ = {isa = PBXFileReference; lastKnownFileType = image.png; name = "Icon@2x.png"; path = "Icons/Icon@2x.png"; sourceTree = "<group>"; };
		6A1FAADD17B9F0C8004A090B /* Raleway-Bold.ttf */ = {isa = PBXFileReference; lastKnownFileType = file; name = "Raleway-Bold.ttf"; path = "Fonts/Raleway-Bold.ttf"; sourceTree = "<group>"; };
		6A1FAAE117B9F328004A090B /* Raleway-ExtraBold.ttf */ = {isa = PBXFileReference; lastKnownFileType = file; name = "Raleway-ExtraBold.ttf"; path = "Fonts/Raleway-ExtraBold.ttf"; sourceTree = "<group>"; };
		6A1FAAF717BA0179004A090B /* ADNActivity.h */ = {isa = PBXFileReference; fileEncoding = 4; lastKnownFileType = sourcecode.c.h; name = ADNActivity.h; path = Vendor/ADNActivities/ADNActivity.h; sourceTree = "<group>"; };
		6A1FAAF817BA0179004A090B /* ADNActivity.m */ = {isa = PBXFileReference; fileEncoding = 4; lastKnownFileType = sourcecode.c.objc; name = ADNActivity.m; path = Vendor/ADNActivities/ADNActivity.m; sourceTree = "<group>"; };
		6A1FAAF917BA0179004A090B /* ADNActivityCollection.h */ = {isa = PBXFileReference; fileEncoding = 4; lastKnownFileType = sourcecode.c.h; name = ADNActivityCollection.h; path = Vendor/ADNActivities/ADNActivityCollection.h; sourceTree = "<group>"; };
		6A1FAAFA17BA0179004A090B /* ADNActivityCollection.m */ = {isa = PBXFileReference; fileEncoding = 4; lastKnownFileType = sourcecode.c.objc; name = ADNActivityCollection.m; path = Vendor/ADNActivities/ADNActivityCollection.m; sourceTree = "<group>"; };
		6A1FAAFB17BA0179004A090B /* ADNFelixActivity.h */ = {isa = PBXFileReference; fileEncoding = 4; lastKnownFileType = sourcecode.c.h; name = ADNFelixActivity.h; path = Vendor/ADNActivities/ADNFelixActivity.h; sourceTree = "<group>"; };
		6A1FAAFC17BA0179004A090B /* ADNFelixActivity.m */ = {isa = PBXFileReference; fileEncoding = 4; lastKnownFileType = sourcecode.c.objc; name = ADNFelixActivity.m; path = Vendor/ADNActivities/ADNFelixActivity.m; sourceTree = "<group>"; };
		6A1FAAFD17BA0179004A090B /* ADNHappyActivity.h */ = {isa = PBXFileReference; fileEncoding = 4; lastKnownFileType = sourcecode.c.h; name = ADNHappyActivity.h; path = Vendor/ADNActivities/ADNHappyActivity.h; sourceTree = "<group>"; };
		6A1FAAFE17BA0179004A090B /* ADNHappyActivity.m */ = {isa = PBXFileReference; fileEncoding = 4; lastKnownFileType = sourcecode.c.objc; name = ADNHappyActivity.m; path = Vendor/ADNActivities/ADNHappyActivity.m; sourceTree = "<group>"; };
		6A1FAAFF17BA0179004A090B /* ADNNetbotActivity.h */ = {isa = PBXFileReference; fileEncoding = 4; lastKnownFileType = sourcecode.c.h; name = ADNNetbotActivity.h; path = Vendor/ADNActivities/ADNNetbotActivity.h; sourceTree = "<group>"; };
		6A1FAB0017BA0179004A090B /* ADNNetbotActivity.m */ = {isa = PBXFileReference; fileEncoding = 4; lastKnownFileType = sourcecode.c.objc; name = ADNNetbotActivity.m; path = Vendor/ADNActivities/ADNNetbotActivity.m; sourceTree = "<group>"; };
		6A1FAB0117BA0179004A090B /* ADNRiposteActivity.h */ = {isa = PBXFileReference; fileEncoding = 4; lastKnownFileType = sourcecode.c.h; name = ADNRiposteActivity.h; path = Vendor/ADNActivities/ADNRiposteActivity.h; sourceTree = "<group>"; };
		6A1FAB0217BA0179004A090B /* ADNRiposteActivity.m */ = {isa = PBXFileReference; fileEncoding = 4; lastKnownFileType = sourcecode.c.objc; name = ADNRiposteActivity.m; path = Vendor/ADNActivities/ADNRiposteActivity.m; sourceTree = "<group>"; };
		6A7B398017B7815600F088A6 /* TapPad.app */ = {isa = PBXFileReference; explicitFileType = wrapper.application; includeInIndex = 0; path = TapPad.app; sourceTree = BUILT_PRODUCTS_DIR; };
		6A7B398317B7815600F088A6 /* UIKit.framework */ = {isa = PBXFileReference; lastKnownFileType = wrapper.framework; name = UIKit.framework; path = System/Library/Frameworks/UIKit.framework; sourceTree = SDKROOT; };
		6A7B398517B7815600F088A6 /* Foundation.framework */ = {isa = PBXFileReference; lastKnownFileType = wrapper.framework; name = Foundation.framework; path = System/Library/Frameworks/Foundation.framework; sourceTree = SDKROOT; };
		6A7B398717B7815600F088A6 /* CoreGraphics.framework */ = {isa = PBXFileReference; lastKnownFileType = wrapper.framework; name = CoreGraphics.framework; path = System/Library/Frameworks/CoreGraphics.framework; sourceTree = SDKROOT; };
		6A7B398B17B7815600F088A6 /* TapPad-Info.plist */ = {isa = PBXFileReference; lastKnownFileType = text.plist.xml; path = "TapPad-Info.plist"; sourceTree = "<group>"; };
		6A7B398D17B7815600F088A6 /* en */ = {isa = PBXFileReference; lastKnownFileType = text.plist.strings; name = en; path = en.lproj/InfoPlist.strings; sourceTree = "<group>"; };
		6A7B398F17B7815600F088A6 /* main.m */ = {isa = PBXFileReference; lastKnownFileType = sourcecode.c.objc; path = main.m; sourceTree = "<group>"; };
		6A7B399117B7815600F088A6 /* TapPad-Prefix.pch */ = {isa = PBXFileReference; lastKnownFileType = sourcecode.c.h; path = "TapPad-Prefix.pch"; sourceTree = "<group>"; };
		6A7B399217B7815600F088A6 /* AppDelegate.h */ = {isa = PBXFileReference; lastKnownFileType = sourcecode.c.h; path = AppDelegate.h; sourceTree = "<group>"; };
		6A7B399317B7815600F088A6 /* AppDelegate.m */ = {isa = PBXFileReference; indentWidth = 4; lastKnownFileType = sourcecode.c.objc; path = AppDelegate.m; sourceTree = "<group>"; tabWidth = 4; usesTabs = 0; };
		6A7B399B17B7815600F088A6 /* TapPadViewController.h */ = {isa = PBXFileReference; lastKnownFileType = sourcecode.c.h; path = TapPadViewController.h; sourceTree = "<group>"; };
		6A7B399C17B7815600F088A6 /* TapPadViewController.m */ = {isa = PBXFileReference; lastKnownFileType = sourcecode.c.objc; path = TapPadViewController.m; sourceTree = "<group>"; };
		6A7B39A617B788E200F088A6 /* Grid.h */ = {isa = PBXFileReference; fileEncoding = 4; lastKnownFileType = sourcecode.c.h; path = Grid.h; sourceTree = "<group>"; };
		6A7B39A717B788E200F088A6 /* Grid.m */ = {isa = PBXFileReference; fileEncoding = 4; lastKnownFileType = sourcecode.c.objc; path = Grid.m; sourceTree = "<group>"; };
		6A7B39AA17B78F3E00F088A6 /* 0.wav */ = {isa = PBXFileReference; lastKnownFileType = audio.wav; path = 0.wav; sourceTree = "<group>"; };
		6A7B39AB17B78F3E00F088A6 /* 1.wav */ = {isa = PBXFileReference; lastKnownFileType = audio.wav; path = 1.wav; sourceTree = "<group>"; };
		6A7B39AC17B78F3E00F088A6 /* 2.wav */ = {isa = PBXFileReference; lastKnownFileType = audio.wav; path = 2.wav; sourceTree = "<group>"; };
		6A7B39AD17B78F3E00F088A6 /* 3.wav */ = {isa = PBXFileReference; lastKnownFileType = audio.wav; path = 3.wav; sourceTree = "<group>"; };
		6A7B39AE17B78F3E00F088A6 /* 4.wav */ = {isa = PBXFileReference; lastKnownFileType = audio.wav; path = 4.wav; sourceTree = "<group>"; };
		6A7B39AF17B78F3E00F088A6 /* 5.wav */ = {isa = PBXFileReference; lastKnownFileType = audio.wav; path = 5.wav; sourceTree = "<group>"; };
		6A7B39B017B78F3E00F088A6 /* 6.wav */ = {isa = PBXFileReference; lastKnownFileType = audio.wav; path = 6.wav; sourceTree = "<group>"; };
		6A7B39B117B78F3E00F088A6 /* 7.wav */ = {isa = PBXFileReference; lastKnownFileType = audio.wav; path = 7.wav; sourceTree = "<group>"; };
		6A7B39BC17B7908100F088A6 /* Atom.h */ = {isa = PBXFileReference; fileEncoding = 4; lastKnownFileType = sourcecode.c.h; path = Atom.h; sourceTree = "<group>"; };
		6A7B39BD17B7908100F088A6 /* Atom.m */ = {isa = PBXFileReference; fileEncoding = 4; lastKnownFileType = sourcecode.c.objc; path = Atom.m; sourceTree = "<group>"; };
		6A7B39C417B7B2E600F088A6 /* AudioToolbox.framework */ = {isa = PBXFileReference; lastKnownFileType = wrapper.framework; name = AudioToolbox.framework; path = System/Library/Frameworks/AudioToolbox.framework; sourceTree = SDKROOT; };
		6AF5051B17BA2806001F3F6D /* fr */ = {isa = PBXFileReference; lastKnownFileType = text.plist.strings; name = fr; path = fr.lproj/InfoPlist.strings; sourceTree = "<group>"; };
		6AF5051D17BA2813001F3F6D /* en */ = {isa = PBXFileReference; lastKnownFileType = file; name = en; path = en.lproj/Localizable.strings; sourceTree = "<group>"; };
		6AF5051F17BA2818001F3F6D /* fr */ = {isa = PBXFileReference; lastKnownFileType = file; name = fr; path = fr.lproj/Localizable.strings; sourceTree = "<group>"; };
		6AF5052017BA94D2001F3F6D /* zh-Hans */ = {isa = PBXFileReference; lastKnownFileType = text.plist.strings; name = "zh-Hans"; path = "zh-Hans.lproj/InfoPlist.strings"; sourceTree = "<group>"; };
		6AF5052117BA94D2001F3F6D /* zh-Hans */ = {isa = PBXFileReference; lastKnownFileType = file; name = "zh-Hans"; path = "zh-Hans.lproj/Localizable.strings"; sourceTree = "<group>"; };
		6AF5052217BA9A96001F3F6D /* ja */ = {isa = PBXFileReference; lastKnownFileType = text.plist.strings; name = ja; path = ja.lproj/InfoPlist.strings; sourceTree = "<group>"; };
		6AF5052317BA9A96001F3F6D /* ja */ = {isa = PBXFileReference; lastKnownFileType = file; name = ja; path = ja.lproj/Localizable.strings; sourceTree = "<group>"; };
/* End PBXFileReference section */

/* Begin PBXFrameworksBuildPhase section */
		6A7B397D17B7815600F088A6 /* Frameworks */ = {
			isa = PBXFrameworksBuildPhase;
			buildActionMask = 2147483647;
			files = (
				6A03C20117B9B5FC004D2B36 /* QuartzCore.framework in Frameworks */,
				6A7B39C517B7B2E600F088A6 /* AudioToolbox.framework in Frameworks */,
				6A7B398417B7815600F088A6 /* UIKit.framework in Frameworks */,
				6A7B398617B7815600F088A6 /* Foundation.framework in Frameworks */,
				6A7B398817B7815600F088A6 /* CoreGraphics.framework in Frameworks */,
				7C51C2734AD34621A82E416E /* libPods.a in Frameworks */,
			);
			runOnlyForDeploymentPostprocessing = 0;
		};
/* End PBXFrameworksBuildPhase section */

/* Begin PBXGroup section */
		6A0B1C1F17B9782E00E6406E /* XIBs */ = {
			isa = PBXGroup;
			children = (
				6A0B1C2017B9784E00E6406E /* TapPadViewController~iPhone.xib */,
				6A0B1C2117B9784E00E6406E /* TapPadViewController~iPad.xib */,
			);
			name = XIBs;
			sourceTree = "<group>";
		};
		6A0B1C2E17B97F5F00E6406E /* Launch Images */ = {
			isa = PBXGroup;
			children = (
				6A1FAAC217B9F07C004A090B /* Default-568h@2x.png */,
				6A1FAAC317B9F07C004A090B /* Default-Portrait@2x~ipad.png */,
				6A1FAAC417B9F07C004A090B /* Default-Portrait~ipad.png */,
				6A1FAAC517B9F07C004A090B /* Default.png */,
				6A1FAAC617B9F07C004A090B /* Default@2x.png */,
			);
			name = "Launch Images";
			path = ..;
			sourceTree = "<group>";
		};
		6A0B1C2F17B987E900E6406E /* Icons */ = {
			isa = PBXGroup;
			children = (
				6A1FAACC17B9F089004A090B /* Icon-72.png */,
				6A1FAACD17B9F089004A090B /* Icon-72@2x.png */,
				6A1FAACE17B9F089004A090B /* Icon-Small-50.png */,
				6A1FAACF17B9F089004A090B /* Icon-Small-50@2x.png */,
				6A1FAAD017B9F089004A090B /* Icon-Small.png */,
				6A1FAAD117B9F089004A090B /* Icon-Small@2x.png */,
				6A1FAAD217B9F089004A090B /* Icon.png */,
				6A1FAAD317B9F089004A090B /* Icon@2x.png */,
			);
			name = Icons;
			sourceTree = "<group>";
		};
		6A1FAADC17B9F0B9004A090B /* Fonts */ = {
			isa = PBXGroup;
			children = (
				6A1FAAE117B9F328004A090B /* Raleway-ExtraBold.ttf */,
				6A1FAADD17B9F0C8004A090B /* Raleway-Bold.ttf */,
			);
			name = Fonts;
			sourceTree = "<group>";
		};
		6A1FAAE317B9FB6E004A090B /* Vendor */ = {
			isa = PBXGroup;
			children = (
				6A1FAAE417B9FB75004A090B /* ADNActivities */,
			);
			name = Vendor;
			sourceTree = "<group>";
		};
		6A1FAAE417B9FB75004A090B /* ADNActivities */ = {
			isa = PBXGroup;
			children = (
				6A1FAAF717BA0179004A090B /* ADNActivity.h */,
				6A1FAAF817BA0179004A090B /* ADNActivity.m */,
				6A1FAAF917BA0179004A090B /* ADNActivityCollection.h */,
				6A1FAAFA17BA0179004A090B /* ADNActivityCollection.m */,
				6A1FAAFB17BA0179004A090B /* ADNFelixActivity.h */,
				6A1FAAFC17BA0179004A090B /* ADNFelixActivity.m */,
				6A1FAAFD17BA0179004A090B /* ADNHappyActivity.h */,
				6A1FAAFE17BA0179004A090B /* ADNHappyActivity.m */,
				6A1FAAFF17BA0179004A090B /* ADNNetbotActivity.h */,
				6A1FAB0017BA0179004A090B /* ADNNetbotActivity.m */,
				6A1FAB0117BA0179004A090B /* ADNRiposteActivity.h */,
				6A1FAB0217BA0179004A090B /* ADNRiposteActivity.m */,
			);
			name = ADNActivities;
			path = TapPad;
			sourceTree = SOURCE_ROOT;
		};
		6A7B397717B7815600F088A6 = {
			isa = PBXGroup;
			children = (
				6A7B398917B7815600F088A6 /* TapPad */,
				6A7B398217B7815600F088A6 /* Frameworks */,
				6A7B398117B7815600F088A6 /* Products */,
				4148AEE447214E349F3F79F4 /* Pods.xcconfig */,
			);
			sourceTree = "<group>";
		};
		6A7B398117B7815600F088A6 /* Products */ = {
			isa = PBXGroup;
			children = (
				6A7B398017B7815600F088A6 /* TapPad.app */,
			);
			name = Products;
			sourceTree = "<group>";
		};
		6A7B398217B7815600F088A6 /* Frameworks */ = {
			isa = PBXGroup;
			children = (
				6A03C20017B9B5FC004D2B36 /* QuartzCore.framework */,
				6A7B39C417B7B2E600F088A6 /* AudioToolbox.framework */,
				6A7B398317B7815600F088A6 /* UIKit.framework */,
				6A7B398517B7815600F088A6 /* Foundation.framework */,
				6A7B398717B7815600F088A6 /* CoreGraphics.framework */,
				28C02E5CADCF4EDAA94396FA /* libPods.a */,
			);
			name = Frameworks;
			sourceTree = "<group>";
		};
		6A7B398917B7815600F088A6 /* TapPad */ = {
			isa = PBXGroup;
			children = (
				6A1FAAE317B9FB6E004A090B /* Vendor */,
				6A1FAADC17B9F0B9004A090B /* Fonts */,
				6A0B1C2F17B987E900E6406E /* Icons */,
				6A0B1C2E17B97F5F00E6406E /* Launch Images */,
				6A0B1C1F17B9782E00E6406E /* XIBs */,
				6A7B39A917B78F3E00F088A6 /* Sounds */,
				6A7B399217B7815600F088A6 /* AppDelegate.h */,
				6A7B399317B7815600F088A6 /* AppDelegate.m */,
				6A7B399B17B7815600F088A6 /* TapPadViewController.h */,
				6A7B399C17B7815600F088A6 /* TapPadViewController.m */,
				6A7B39A617B788E200F088A6 /* Grid.h */,
				6A7B39A717B788E200F088A6 /* Grid.m */,
				6A7B39BC17B7908100F088A6 /* Atom.h */,
				6A7B39BD17B7908100F088A6 /* Atom.m */,
				6A7B398A17B7815600F088A6 /* Supporting Files */,
				6AF5051E17BA2813001F3F6D /* Localizable.strings */,
			);
			path = TapPad;
			sourceTree = "<group>";
		};
		6A7B398A17B7815600F088A6 /* Supporting Files */ = {
			isa = PBXGroup;
			children = (
				6A7B398B17B7815600F088A6 /* TapPad-Info.plist */,
				6A7B398C17B7815600F088A6 /* InfoPlist.strings */,
				6A7B398F17B7815600F088A6 /* main.m */,
				6A7B399117B7815600F088A6 /* TapPad-Prefix.pch */,
			);
			name = "Supporting Files";
			sourceTree = "<group>";
		};
		6A7B39A917B78F3E00F088A6 /* Sounds */ = {
			isa = PBXGroup;
			children = (
				6A7B39AA17B78F3E00F088A6 /* 0.wav */,
				6A7B39AB17B78F3E00F088A6 /* 1.wav */,
				6A7B39AC17B78F3E00F088A6 /* 2.wav */,
				6A7B39AD17B78F3E00F088A6 /* 3.wav */,
				6A7B39AE17B78F3E00F088A6 /* 4.wav */,
				6A7B39AF17B78F3E00F088A6 /* 5.wav */,
				6A7B39B017B78F3E00F088A6 /* 6.wav */,
				6A7B39B117B78F3E00F088A6 /* 7.wav */,
			);
			path = Sounds;
			sourceTree = "<group>";
		};
/* End PBXGroup section */

/* Begin PBXNativeTarget section */
		6A7B397F17B7815600F088A6 /* Tap Pad */ = {
			isa = PBXNativeTarget;
			buildConfigurationList = 6A7B39A317B7815600F088A6 /* Build configuration list for PBXNativeTarget "Tap Pad" */;
			buildPhases = (
				7DAA8981470D40A8B2F99478 /* Check Pods Manifest.lock */,
				6A7B397C17B7815600F088A6 /* Sources */,
				6A7B397D17B7815600F088A6 /* Frameworks */,
				6A7B397E17B7815600F088A6 /* Resources */,
				2A591C395B944870BE710F90 /* Copy Pods Resources */,
			);
			buildRules = (
			);
			dependencies = (
			);
			name = "Tap Pad";
			productName = TapPad;
			productReference = 6A7B398017B7815600F088A6 /* TapPad.app */;
			productType = "com.apple.product-type.application";
		};
/* End PBXNativeTarget section */

/* Begin PBXProject section */
		6A7B397817B7815600F088A6 /* Project object */ = {
			isa = PBXProject;
			attributes = {
				LastUpgradeCheck = 0460;
				ORGANIZATIONNAME = "Dmitri Cherniak";
			};
			buildConfigurationList = 6A7B397B17B7815600F088A6 /* Build configuration list for PBXProject "TapPad" */;
			compatibilityVersion = "Xcode 3.2";
			developmentRegion = English;
			hasScannedForEncodings = 0;
			knownRegions = (
				en,
				fr,
				"zh-Hans",
				ja,
			);
			mainGroup = 6A7B397717B7815600F088A6;
			productRefGroup = 6A7B398117B7815600F088A6 /* Products */;
			projectDirPath = "";
			projectRoot = "";
			targets = (
				6A7B397F17B7815600F088A6 /* Tap Pad */,
			);
		};
/* End PBXProject section */

/* Begin PBXResourcesBuildPhase section */
		6A7B397E17B7815600F088A6 /* Resources */ = {
			isa = PBXResourcesBuildPhase;
			buildActionMask = 2147483647;
			files = (
				6A7B398E17B7815600F088A6 /* InfoPlist.strings in Resources */,
				6A7B39B317B78F3E00F088A6 /* 0.wav in Resources */,
				6A7B39B417B78F3E00F088A6 /* 1.wav in Resources */,
				6A7B39B517B78F3E00F088A6 /* 2.wav in Resources */,
				6A7B39B617B78F3E00F088A6 /* 3.wav in Resources */,
				6A7B39B717B78F3E00F088A6 /* 4.wav in Resources */,
				6A7B39B817B78F3E00F088A6 /* 5.wav in Resources */,
				6A7B39B917B78F3E00F088A6 /* 6.wav in Resources */,
				6A7B39BA17B78F3E00F088A6 /* 7.wav in Resources */,
				6A0B1C2217B9784E00E6406E /* TapPadViewController~iPhone.xib in Resources */,
				6A0B1C2317B9784E00E6406E /* TapPadViewController~iPad.xib in Resources */,
				6A1FAAC717B9F07C004A090B /* Default-568h@2x.png in Resources */,
				6A1FAAC817B9F07C004A090B /* Default-Portrait@2x~ipad.png in Resources */,
				6A1FAAC917B9F07C004A090B /* Default-Portrait~ipad.png in Resources */,
				6A1FAACA17B9F07C004A090B /* Default.png in Resources */,
				6A1FAACB17B9F07C004A090B /* Default@2x.png in Resources */,
				6A1FAAD417B9F089004A090B /* Icon-72.png in Resources */,
				6A1FAAD517B9F089004A090B /* Icon-72@2x.png in Resources */,
				6A1FAAD617B9F089004A090B /* Icon-Small-50.png in Resources */,
				6A1FAAD717B9F089004A090B /* Icon-Small-50@2x.png in Resources */,
				6A1FAAD817B9F089004A090B /* Icon-Small.png in Resources */,
				6A1FAAD917B9F089004A090B /* Icon-Small@2x.png in Resources */,
				6A1FAADA17B9F089004A090B /* Icon.png in Resources */,
				6A1FAADB17B9F089004A090B /* Icon@2x.png in Resources */,
				6A1FAADF17B9F0C8004A090B /* Raleway-Bold.ttf in Resources */,
				6A1FAAE217B9F328004A090B /* Raleway-ExtraBold.ttf in Resources */,
				6AF5051C17BA2813001F3F6D /* Localizable.strings in Resources */,
			);
			runOnlyForDeploymentPostprocessing = 0;
		};
/* End PBXResourcesBuildPhase section */

/* Begin PBXShellScriptBuildPhase section */
		2A591C395B944870BE710F90 /* Copy Pods Resources */ = {
			isa = PBXShellScriptBuildPhase;
			buildActionMask = 2147483647;
			files = (
			);
			inputPaths = (
			);
			name = "Copy Pods Resources";
			outputPaths = (
			);
			runOnlyForDeploymentPostprocessing = 0;
			shellPath = /bin/sh;
			shellScript = "\"${SRCROOT}/Pods/Pods-resources.sh\"\n";
		};
		7DAA8981470D40A8B2F99478 /* Check Pods Manifest.lock */ = {
			isa = PBXShellScriptBuildPhase;
			buildActionMask = 2147483647;
			files = (
			);
			inputPaths = (
			);
			name = "Check Pods Manifest.lock";
			outputPaths = (
			);
			runOnlyForDeploymentPostprocessing = 0;
			shellPath = /bin/sh;
			shellScript = "diff \"${PODS_ROOT}/../Podfile.lock\" \"${PODS_ROOT}/Manifest.lock\" > /dev/null\nif [[ $? != 0 ]] ; then\n    cat << EOM\nerror: The sandbox is not in sync with the Podfile.lock. Run 'pod install' or update your CocoaPods installation.\nEOM\n    exit 1\nfi\n";
		};
/* End PBXShellScriptBuildPhase section */

/* Begin PBXSourcesBuildPhase section */
		6A7B397C17B7815600F088A6 /* Sources */ = {
			isa = PBXSourcesBuildPhase;
			buildActionMask = 2147483647;
			files = (
				6A7B399017B7815600F088A6 /* main.m in Sources */,
				6A7B399417B7815600F088A6 /* AppDelegate.m in Sources */,
				6A7B399D17B7815600F088A6 /* TapPadViewController.m in Sources */,
				6A7B39A817B788E200F088A6 /* Grid.m in Sources */,
				6A7B39BE17B7908100F088A6 /* Atom.m in Sources */,
				6A1FAB0317BA0179004A090B /* ADNActivity.m in Sources */,
				6A1FAB0417BA0179004A090B /* ADNActivityCollection.m in Sources */,
				6A1FAB0517BA0179004A090B /* ADNFelixActivity.m in Sources */,
				6A1FAB0617BA0179004A090B /* ADNHappyActivity.m in Sources */,
				6A1FAB0717BA0179004A090B /* ADNNetbotActivity.m in Sources */,
				6A1FAB0817BA0179004A090B /* ADNRiposteActivity.m in Sources */,
			);
			runOnlyForDeploymentPostprocessing = 0;
		};
/* End PBXSourcesBuildPhase section */

/* Begin PBXVariantGroup section */
		6A7B398C17B7815600F088A6 /* InfoPlist.strings */ = {
			isa = PBXVariantGroup;
			children = (
				6A7B398D17B7815600F088A6 /* en */,
				6AF5051B17BA2806001F3F6D /* fr */,
				6AF5052017BA94D2001F3F6D /* zh-Hans */,
				6AF5052217BA9A96001F3F6D /* ja */,
			);
			name = InfoPlist.strings;
			sourceTree = "<group>";
		};
		6AF5051E17BA2813001F3F6D /* Localizable.strings */ = {
			isa = PBXVariantGroup;
			children = (
				6AF5051D17BA2813001F3F6D /* en */,
				6AF5051F17BA2818001F3F6D /* fr */,
				6AF5052117BA94D2001F3F6D /* zh-Hans */,
				6AF5052317BA9A96001F3F6D /* ja */,
			);
			name = Localizable.strings;
			sourceTree = "<group>";
		};
/* End PBXVariantGroup section */

/* Begin XCBuildConfiguration section */
		6A7B39A117B7815600F088A6 /* Debug */ = {
			isa = XCBuildConfiguration;
			buildSettings = {
				ALWAYS_SEARCH_USER_PATHS = NO;
				CLANG_CXX_LANGUAGE_STANDARD = "gnu++0x";
				CLANG_CXX_LIBRARY = "libc++";
				CLANG_ENABLE_OBJC_ARC = YES;
				CLANG_WARN_CONSTANT_CONVERSION = YES;
				CLANG_WARN_EMPTY_BODY = YES;
				CLANG_WARN_ENUM_CONVERSION = YES;
				CLANG_WARN_INT_CONVERSION = YES;
				CLANG_WARN__DUPLICATE_METHOD_MATCH = YES;
				"CODE_SIGN_IDENTITY[sdk=iphoneos*]" = "iPhone Developer";
				COPY_PHASE_STRIP = NO;
				GCC_C_LANGUAGE_STANDARD = gnu99;
				GCC_DYNAMIC_NO_PIC = NO;
				GCC_OPTIMIZATION_LEVEL = 0;
				GCC_PREPROCESSOR_DEFINITIONS = (
					"DEBUG=1",
					"$(inherited)",
				);
				GCC_SYMBOLS_PRIVATE_EXTERN = NO;
				GCC_WARN_ABOUT_RETURN_TYPE = YES;
				GCC_WARN_UNINITIALIZED_AUTOS = YES;
				GCC_WARN_UNUSED_VARIABLE = YES;
				IPHONEOS_DEPLOYMENT_TARGET = 6.1;
				ONLY_ACTIVE_ARCH = YES;
				SDKROOT = iphoneos;
				TARGETED_DEVICE_FAMILY = 2;
			};
			name = Debug;
		};
		6A7B39A217B7815600F088A6 /* Release */ = {
			isa = XCBuildConfiguration;
			buildSettings = {
				ALWAYS_SEARCH_USER_PATHS = NO;
				CLANG_CXX_LANGUAGE_STANDARD = "gnu++0x";
				CLANG_CXX_LIBRARY = "libc++";
				CLANG_ENABLE_OBJC_ARC = YES;
				CLANG_WARN_CONSTANT_CONVERSION = YES;
				CLANG_WARN_EMPTY_BODY = YES;
				CLANG_WARN_ENUM_CONVERSION = YES;
				CLANG_WARN_INT_CONVERSION = YES;
				CLANG_WARN__DUPLICATE_METHOD_MATCH = YES;
				"CODE_SIGN_IDENTITY[sdk=iphoneos*]" = "iPhone Developer";
				COPY_PHASE_STRIP = YES;
				GCC_C_LANGUAGE_STANDARD = gnu99;
				GCC_WARN_ABOUT_RETURN_TYPE = YES;
				GCC_WARN_UNINITIALIZED_AUTOS = YES;
				GCC_WARN_UNUSED_VARIABLE = YES;
				IPHONEOS_DEPLOYMENT_TARGET = 6.1;
				OTHER_CFLAGS = "-DNS_BLOCK_ASSERTIONS=1";
				SDKROOT = iphoneos;
				TARGETED_DEVICE_FAMILY = 2;
				VALIDATE_PRODUCT = YES;
			};
			name = Release;
		};
		6A7B39A417B7815600F088A6 /* Debug */ = {
			isa = XCBuildConfiguration;
			baseConfigurationReference = 4148AEE447214E349F3F79F4 /* Pods.xcconfig */;
			buildSettings = {
				GCC_PRECOMPILE_PREFIX_HEADER = YES;
				GCC_PREFIX_HEADER = "TapPad/TapPad-Prefix.pch";
				INFOPLIST_FILE = "TapPad/TapPad-Info.plist";
				IPHONEOS_DEPLOYMENT_TARGET = 6.0;
				PRODUCT_NAME = "$(TARGET_NAME)";
				TARGETED_DEVICE_FAMILY = "1,2";
				WRAPPER_EXTENSION = app;
			};
			name = Debug;
		};
		6A7B39A517B7815600F088A6 /* Release */ = {
			isa = XCBuildConfiguration;
			baseConfigurationReference = 4148AEE447214E349F3F79F4 /* Pods.xcconfig */;
			buildSettings = {
				GCC_PRECOMPILE_PREFIX_HEADER = YES;
				GCC_PREFIX_HEADER = "TapPad/TapPad-Prefix.pch";
				INFOPLIST_FILE = "TapPad/TapPad-Info.plist";
				IPHONEOS_DEPLOYMENT_TARGET = 6.0;
				PRODUCT_NAME = "$(TARGET_NAME)";
				TARGETED_DEVICE_FAMILY = "1,2";
				WRAPPER_EXTENSION = app;
			};
			name = Release;
		};
/* End XCBuildConfiguration section */

/* Begin XCConfigurationList section */
		6A7B397B17B7815600F088A6 /* Build configuration list for PBXProject "TapPad" */ = {
			isa = XCConfigurationList;
			buildConfigurations = (
				6A7B39A117B7815600F088A6 /* Debug */,
				6A7B39A217B7815600F088A6 /* Release */,
			);
			defaultConfigurationIsVisible = 0;
			defaultConfigurationName = Release;
		};
		6A7B39A317B7815600F088A6 /* Build configuration list for PBXNativeTarget "Tap Pad" */ = {
			isa = XCConfigurationList;
			buildConfigurations = (
				6A7B39A417B7815600F088A6 /* Debug */,
				6A7B39A517B7815600F088A6 /* Release */,
			);
			defaultConfigurationIsVisible = 0;
			defaultConfigurationName = Release;
		};
/* End XCConfigurationList section */
	};
	rootObject = 6A7B397817B7815600F088A6 /* Project object */;
}
